
Microsoft Visual Studio Solution File, Format Version 12.00
# Visual Studio 15
VisualStudioVersion = 15.0.27428.2037
MinimumVisualStudioVersion = 10.0.40219.1
Project("{FAE04EC0-301F-11D3-BF4B-00C04F79EFBC}") = "Nasa.MarsRover", "Nasa.MarsRover\Nasa.MarsRover.csproj", "{58F21D4D-7E0C-4845-A12E-4F5B696CEF8A}"
EndProject
Project("{FAE04EC0-301F-11D3-BF4B-00C04F79EFBC}") = "Nasa.MarsRover.Test", "Nasa.MarsRover.Test\Nasa.MarsRover.Test.csproj", "{5E8BE383-CC7D-4F0D-9EC8-B270AA4A9BB5}"
EndProject
Global
	GlobalSection(SolutionConfigurationPlatforms) = preSolution
		Debug|Any CPU = Debug|Any CPU
		Release|Any CPU = Release|Any CPU
	EndGlobalSection
	GlobalSection(ProjectConfigurationPlatforms) = postSolution
		{58F21D4D-7E0C-4845-A12E-4F5B696CEF8A}.Debug|Any CPU.ActiveCfg = Debug|Any CPU
		{58F21D4D-7E0C-4845-A12E-4F5B696CEF8A}.Debug|Any CPU.Build.0 = Debug|Any CPU
		{58F21D4D-7E0C-4845-A12E-4F5B696CEF8A}.Release|Any CPU.ActiveCfg = Release|Any CPU
		{58F21D4D-7E0C-4845-A12E-4F5B696CEF8A}.Release|Any CPU.Build.0 = Release|Any CPU
		{5E8BE383-CC7D-4F0D-9EC8-B270AA4A9BB5}.Debug|Any CPU.ActiveCfg = Debug|Any CPU
		{5E8BE383-CC7D-4F0D-9EC8-B270AA4A9BB5}.Debug|Any CPU.Build.0 = Debug|Any CPU
		{5E8BE383-CC7D-4F0D-9EC8-B270AA4A9BB5}.Release|Any CPU.ActiveCfg = Release|Any CPU
		{5E8BE383-CC7D-4F0D-9EC8-B270AA4A9BB5}.Release|Any CPU.Build.0 = Release|Any CPU
	EndGlobalSection
	GlobalSection(SolutionProperties) = preSolution
		HideSolutionNode = FALSE
	EndGlobalSection
	GlobalSection(ExtensibilityGlobals) = postSolution
		SolutionGuid = {8DAD7F3C-EEE6-4BE4-9333-F53E0A487056}
	EndGlobalSection
EndGlobal
